
Microsoft Visual Studio Solution File, Format Version 12.00
# Visual Studio 15
Project("{FAE04EC0-301F-11D3-BF4B-00C04F79EFBC}") = "ManagerUI", "ManagerUI\ManagerUI.csproj", "{E7618C75-DE39-4061-8D30-39318855B775}"
EndProject
Global
	GlobalSection(SolutionConfigurationPlatforms) = preSolution
		Debug|Any CPU = Debug|Any CPU
		Release|Any CPU = Release|Any CPU
	EndGlobalSection
	GlobalSection(ProjectConfigurationPlatforms) = postSolution
		{E7618C75-DE39-4061-8D30-39318855B775}.Debug|Any CPU.ActiveCfg = Debug|Any CPU
		{E7618C75-DE39-4061-8D30-39318855B775}.Debug|Any CPU.Build.0 = Debug|Any CPU
		{E7618C75-DE39-4061-8D30-39318855B775}.Release|Any CPU.ActiveCfg = Release|Any CPU
		{E7618C75-DE39-4061-8D30-39318855B775}.Release|Any CPU.Build.0 = Release|Any CPU
	EndGlobalSection
EndGlobal
