
Microsoft Visual Studio Solution File, Format Version 12.00
# Visual Studio 15
VisualStudioVersion = 15.0.26124.0
MinimumVisualStudioVersion = 15.0.26124.0
Project("{FAE04EC0-301F-11D3-BF4B-00C04F79EFBC}") = "BrewCrewDB", "BrewCrewDB\BrewCrewDB.csproj", "{D34C96DF-6A6A-447F-9465-452DF67B64CC}"
EndProject
Project("{FAE04EC0-301F-11D3-BF4B-00C04F79EFBC}") = "BrewCrewLib", "BrewCrewLib\BrewCrewLib.csproj", "{B7674A9B-2518-417C-9B19-8AE20EBCA1B7}"
EndProject
Project("{FAE04EC0-301F-11D3-BF4B-00C04F79EFBC}") = "BrewCrewTest", "BrewCrewTest\BrewCrewTest.csproj", "{CA1C8C14-A099-43DF-A607-C6DB532630A6}"
EndProject
Project("{FAE04EC0-301F-11D3-BF4B-00C04F79EFBC}") = "BrewCrewAPI", "BrewCrewAPI\BrewCrewAPI.csproj", "{759B5F10-742C-4A88-8055-EAB232795593}"
EndProject
Project("{FAE04EC0-301F-11D3-BF4B-00C04F79EFBC}") = "WebApp", "WebApp\WebApp.csproj", "{6AF345C1-F45E-4700-B093-7484EFDAD692}"
EndProject
Global
	GlobalSection(SolutionConfigurationPlatforms) = preSolution
		Debug|Any CPU = Debug|Any CPU
		Debug|x64 = Debug|x64
		Debug|x86 = Debug|x86
		Release|Any CPU = Release|Any CPU
		Release|x64 = Release|x64
		Release|x86 = Release|x86
	EndGlobalSection
	GlobalSection(SolutionProperties) = preSolution
		HideSolutionNode = FALSE
	EndGlobalSection
	GlobalSection(ProjectConfigurationPlatforms) = postSolution
		{3C026AD9-F1C3-4DDC-827D-FAC7E470C86E}.Debug|Any CPU.ActiveCfg = Debug|Any CPU
		{3C026AD9-F1C3-4DDC-827D-FAC7E470C86E}.Debug|Any CPU.Build.0 = Debug|Any CPU
		{3C026AD9-F1C3-4DDC-827D-FAC7E470C86E}.Debug|x64.ActiveCfg = Debug|Any CPU
		{3C026AD9-F1C3-4DDC-827D-FAC7E470C86E}.Debug|x64.Build.0 = Debug|Any CPU
		{3C026AD9-F1C3-4DDC-827D-FAC7E470C86E}.Debug|x86.ActiveCfg = Debug|Any CPU
		{3C026AD9-F1C3-4DDC-827D-FAC7E470C86E}.Debug|x86.Build.0 = Debug|Any CPU
		{3C026AD9-F1C3-4DDC-827D-FAC7E470C86E}.Release|Any CPU.ActiveCfg = Release|Any CPU
		{3C026AD9-F1C3-4DDC-827D-FAC7E470C86E}.Release|Any CPU.Build.0 = Release|Any CPU
		{3C026AD9-F1C3-4DDC-827D-FAC7E470C86E}.Release|x64.ActiveCfg = Release|Any CPU
		{3C026AD9-F1C3-4DDC-827D-FAC7E470C86E}.Release|x64.Build.0 = Release|Any CPU
		{3C026AD9-F1C3-4DDC-827D-FAC7E470C86E}.Release|x86.ActiveCfg = Release|Any CPU
		{3C026AD9-F1C3-4DDC-827D-FAC7E470C86E}.Release|x86.Build.0 = Release|Any CPU
		{35865064-5DE1-4648-9A1F-AF999D41BF02}.Debug|Any CPU.ActiveCfg = Debug|Any CPU
		{35865064-5DE1-4648-9A1F-AF999D41BF02}.Debug|Any CPU.Build.0 = Debug|Any CPU
		{35865064-5DE1-4648-9A1F-AF999D41BF02}.Debug|x64.ActiveCfg = Debug|Any CPU
		{35865064-5DE1-4648-9A1F-AF999D41BF02}.Debug|x64.Build.0 = Debug|Any CPU
		{35865064-5DE1-4648-9A1F-AF999D41BF02}.Debug|x86.ActiveCfg = Debug|Any CPU
		{35865064-5DE1-4648-9A1F-AF999D41BF02}.Debug|x86.Build.0 = Debug|Any CPU
		{35865064-5DE1-4648-9A1F-AF999D41BF02}.Release|Any CPU.ActiveCfg = Release|Any CPU
		{35865064-5DE1-4648-9A1F-AF999D41BF02}.Release|Any CPU.Build.0 = Release|Any CPU
		{35865064-5DE1-4648-9A1F-AF999D41BF02}.Release|x64.ActiveCfg = Release|Any CPU
		{35865064-5DE1-4648-9A1F-AF999D41BF02}.Release|x64.Build.0 = Release|Any CPU
		{35865064-5DE1-4648-9A1F-AF999D41BF02}.Release|x86.ActiveCfg = Release|Any CPU
		{35865064-5DE1-4648-9A1F-AF999D41BF02}.Release|x86.Build.0 = Release|Any CPU
		{41AE07BA-BC8F-460D-AA81-5031CE2B28F3}.Debug|Any CPU.ActiveCfg = Debug|Any CPU
		{41AE07BA-BC8F-460D-AA81-5031CE2B28F3}.Debug|Any CPU.Build.0 = Debug|Any CPU
		{41AE07BA-BC8F-460D-AA81-5031CE2B28F3}.Debug|x64.ActiveCfg = Debug|Any CPU
		{41AE07BA-BC8F-460D-AA81-5031CE2B28F3}.Debug|x64.Build.0 = Debug|Any CPU
		{41AE07BA-BC8F-460D-AA81-5031CE2B28F3}.Debug|x86.ActiveCfg = Debug|Any CPU
		{41AE07BA-BC8F-460D-AA81-5031CE2B28F3}.Debug|x86.Build.0 = Debug|Any CPU
		{41AE07BA-BC8F-460D-AA81-5031CE2B28F3}.Release|Any CPU.ActiveCfg = Release|Any CPU
		{41AE07BA-BC8F-460D-AA81-5031CE2B28F3}.Release|Any CPU.Build.0 = Release|Any CPU
		{41AE07BA-BC8F-460D-AA81-5031CE2B28F3}.Release|x64.ActiveCfg = Release|Any CPU
		{41AE07BA-BC8F-460D-AA81-5031CE2B28F3}.Release|x64.Build.0 = Release|Any CPU
		{41AE07BA-BC8F-460D-AA81-5031CE2B28F3}.Release|x86.ActiveCfg = Release|Any CPU
		{41AE07BA-BC8F-460D-AA81-5031CE2B28F3}.Release|x86.Build.0 = Release|Any CPU
		{62D88643-6206-4426-9CB0-EA18271B8C29}.Debug|Any CPU.ActiveCfg = Debug|Any CPU
		{62D88643-6206-4426-9CB0-EA18271B8C29}.Debug|Any CPU.Build.0 = Debug|Any CPU
		{62D88643-6206-4426-9CB0-EA18271B8C29}.Debug|x64.ActiveCfg = Debug|Any CPU
		{62D88643-6206-4426-9CB0-EA18271B8C29}.Debug|x64.Build.0 = Debug|Any CPU
		{62D88643-6206-4426-9CB0-EA18271B8C29}.Debug|x86.ActiveCfg = Debug|Any CPU
		{62D88643-6206-4426-9CB0-EA18271B8C29}.Debug|x86.Build.0 = Debug|Any CPU
		{62D88643-6206-4426-9CB0-EA18271B8C29}.Release|Any CPU.ActiveCfg = Release|Any CPU
		{62D88643-6206-4426-9CB0-EA18271B8C29}.Release|Any CPU.Build.0 = Release|Any CPU
		{62D88643-6206-4426-9CB0-EA18271B8C29}.Release|x64.ActiveCfg = Release|Any CPU
		{62D88643-6206-4426-9CB0-EA18271B8C29}.Release|x64.Build.0 = Release|Any CPU
		{62D88643-6206-4426-9CB0-EA18271B8C29}.Release|x86.ActiveCfg = Release|Any CPU
		{62D88643-6206-4426-9CB0-EA18271B8C29}.Release|x86.Build.0 = Release|Any CPU
		{939E1F64-7604-4386-807B-621F9B463065}.Debug|Any CPU.ActiveCfg = Debug|Any CPU
		{939E1F64-7604-4386-807B-621F9B463065}.Debug|Any CPU.Build.0 = Debug|Any CPU
		{939E1F64-7604-4386-807B-621F9B463065}.Debug|x64.ActiveCfg = Debug|Any CPU
		{939E1F64-7604-4386-807B-621F9B463065}.Debug|x64.Build.0 = Debug|Any CPU
		{939E1F64-7604-4386-807B-621F9B463065}.Debug|x86.ActiveCfg = Debug|Any CPU
		{939E1F64-7604-4386-807B-621F9B463065}.Debug|x86.Build.0 = Debug|Any CPU
		{939E1F64-7604-4386-807B-621F9B463065}.Release|Any CPU.ActiveCfg = Release|Any CPU
		{939E1F64-7604-4386-807B-621F9B463065}.Release|Any CPU.Build.0 = Release|Any CPU
		{939E1F64-7604-4386-807B-621F9B463065}.Release|x64.ActiveCfg = Release|Any CPU
		{939E1F64-7604-4386-807B-621F9B463065}.Release|x64.Build.0 = Release|Any CPU
		{939E1F64-7604-4386-807B-621F9B463065}.Release|x86.ActiveCfg = Release|Any CPU
		{939E1F64-7604-4386-807B-621F9B463065}.Release|x86.Build.0 = Release|Any CPU
		{D34C96DF-6A6A-447F-9465-452DF67B64CC}.Debug|Any CPU.ActiveCfg = Debug|Any CPU
		{D34C96DF-6A6A-447F-9465-452DF67B64CC}.Debug|Any CPU.Build.0 = Debug|Any CPU
		{D34C96DF-6A6A-447F-9465-452DF67B64CC}.Debug|x64.ActiveCfg = Debug|Any CPU
		{D34C96DF-6A6A-447F-9465-452DF67B64CC}.Debug|x64.Build.0 = Debug|Any CPU
		{D34C96DF-6A6A-447F-9465-452DF67B64CC}.Debug|x86.ActiveCfg = Debug|Any CPU
		{D34C96DF-6A6A-447F-9465-452DF67B64CC}.Debug|x86.Build.0 = Debug|Any CPU
		{D34C96DF-6A6A-447F-9465-452DF67B64CC}.Release|Any CPU.ActiveCfg = Release|Any CPU
		{D34C96DF-6A6A-447F-9465-452DF67B64CC}.Release|Any CPU.Build.0 = Release|Any CPU
		{D34C96DF-6A6A-447F-9465-452DF67B64CC}.Release|x64.ActiveCfg = Release|Any CPU
		{D34C96DF-6A6A-447F-9465-452DF67B64CC}.Release|x64.Build.0 = Release|Any CPU
		{D34C96DF-6A6A-447F-9465-452DF67B64CC}.Release|x86.ActiveCfg = Release|Any CPU
		{D34C96DF-6A6A-447F-9465-452DF67B64CC}.Release|x86.Build.0 = Release|Any CPU
		{B7674A9B-2518-417C-9B19-8AE20EBCA1B7}.Debug|Any CPU.ActiveCfg = Debug|Any CPU
		{B7674A9B-2518-417C-9B19-8AE20EBCA1B7}.Debug|Any CPU.Build.0 = Debug|Any CPU
		{B7674A9B-2518-417C-9B19-8AE20EBCA1B7}.Debug|x64.ActiveCfg = Debug|Any CPU
		{B7674A9B-2518-417C-9B19-8AE20EBCA1B7}.Debug|x64.Build.0 = Debug|Any CPU
		{B7674A9B-2518-417C-9B19-8AE20EBCA1B7}.Debug|x86.ActiveCfg = Debug|Any CPU
		{B7674A9B-2518-417C-9B19-8AE20EBCA1B7}.Debug|x86.Build.0 = Debug|Any CPU
		{B7674A9B-2518-417C-9B19-8AE20EBCA1B7}.Release|Any CPU.ActiveCfg = Release|Any CPU
		{B7674A9B-2518-417C-9B19-8AE20EBCA1B7}.Release|Any CPU.Build.0 = Release|Any CPU
		{B7674A9B-2518-417C-9B19-8AE20EBCA1B7}.Release|x64.ActiveCfg = Release|Any CPU
		{B7674A9B-2518-417C-9B19-8AE20EBCA1B7}.Release|x64.Build.0 = Release|Any CPU
		{B7674A9B-2518-417C-9B19-8AE20EBCA1B7}.Release|x86.ActiveCfg = Release|Any CPU
		{B7674A9B-2518-417C-9B19-8AE20EBCA1B7}.Release|x86.Build.0 = Release|Any CPU
		{B8E4DA0F-1CDF-4FB3-AE97-F6268CD7493E}.Debug|Any CPU.ActiveCfg = Debug|Any CPU
		{B8E4DA0F-1CDF-4FB3-AE97-F6268CD7493E}.Debug|Any CPU.Build.0 = Debug|Any CPU
		{B8E4DA0F-1CDF-4FB3-AE97-F6268CD7493E}.Debug|x64.ActiveCfg = Debug|Any CPU
		{B8E4DA0F-1CDF-4FB3-AE97-F6268CD7493E}.Debug|x64.Build.0 = Debug|Any CPU
		{B8E4DA0F-1CDF-4FB3-AE97-F6268CD7493E}.Debug|x86.ActiveCfg = Debug|Any CPU
		{B8E4DA0F-1CDF-4FB3-AE97-F6268CD7493E}.Debug|x86.Build.0 = Debug|Any CPU
		{B8E4DA0F-1CDF-4FB3-AE97-F6268CD7493E}.Release|Any CPU.ActiveCfg = Release|Any CPU
		{B8E4DA0F-1CDF-4FB3-AE97-F6268CD7493E}.Release|Any CPU.Build.0 = Release|Any CPU
		{B8E4DA0F-1CDF-4FB3-AE97-F6268CD7493E}.Release|x64.ActiveCfg = Release|Any CPU
		{B8E4DA0F-1CDF-4FB3-AE97-F6268CD7493E}.Release|x64.Build.0 = Release|Any CPU
		{B8E4DA0F-1CDF-4FB3-AE97-F6268CD7493E}.Release|x86.ActiveCfg = Release|Any CPU
		{B8E4DA0F-1CDF-4FB3-AE97-F6268CD7493E}.Release|x86.Build.0 = Release|Any CPU
		{C15EE83A-8A62-4B9B-9DFC-46B1730B4407}.Debug|Any CPU.ActiveCfg = Debug|Any CPU
		{C15EE83A-8A62-4B9B-9DFC-46B1730B4407}.Debug|Any CPU.Build.0 = Debug|Any CPU
		{C15EE83A-8A62-4B9B-9DFC-46B1730B4407}.Debug|x64.ActiveCfg = Debug|Any CPU
		{C15EE83A-8A62-4B9B-9DFC-46B1730B4407}.Debug|x64.Build.0 = Debug|Any CPU
		{C15EE83A-8A62-4B9B-9DFC-46B1730B4407}.Debug|x86.ActiveCfg = Debug|Any CPU
		{C15EE83A-8A62-4B9B-9DFC-46B1730B4407}.Debug|x86.Build.0 = Debug|Any CPU
		{C15EE83A-8A62-4B9B-9DFC-46B1730B4407}.Release|Any CPU.ActiveCfg = Release|Any CPU
		{C15EE83A-8A62-4B9B-9DFC-46B1730B4407}.Release|Any CPU.Build.0 = Release|Any CPU
		{C15EE83A-8A62-4B9B-9DFC-46B1730B4407}.Release|x64.ActiveCfg = Release|Any CPU
		{C15EE83A-8A62-4B9B-9DFC-46B1730B4407}.Release|x64.Build.0 = Release|Any CPU
		{C15EE83A-8A62-4B9B-9DFC-46B1730B4407}.Release|x86.ActiveCfg = Release|Any CPU
		{C15EE83A-8A62-4B9B-9DFC-46B1730B4407}.Release|x86.Build.0 = Release|Any CPU
		{6874E2CB-3226-4FD1-AB5E-F59BF8F1AC89}.Debug|Any CPU.ActiveCfg = Debug|Any CPU
		{6874E2CB-3226-4FD1-AB5E-F59BF8F1AC89}.Debug|Any CPU.Build.0 = Debug|Any CPU
		{6874E2CB-3226-4FD1-AB5E-F59BF8F1AC89}.Debug|x64.ActiveCfg = Debug|Any CPU
		{6874E2CB-3226-4FD1-AB5E-F59BF8F1AC89}.Debug|x64.Build.0 = Debug|Any CPU
		{6874E2CB-3226-4FD1-AB5E-F59BF8F1AC89}.Debug|x86.ActiveCfg = Debug|Any CPU
		{6874E2CB-3226-4FD1-AB5E-F59BF8F1AC89}.Debug|x86.Build.0 = Debug|Any CPU
		{6874E2CB-3226-4FD1-AB5E-F59BF8F1AC89}.Release|Any CPU.ActiveCfg = Release|Any CPU
		{6874E2CB-3226-4FD1-AB5E-F59BF8F1AC89}.Release|Any CPU.Build.0 = Release|Any CPU
		{6874E2CB-3226-4FD1-AB5E-F59BF8F1AC89}.Release|x64.ActiveCfg = Release|Any CPU
		{6874E2CB-3226-4FD1-AB5E-F59BF8F1AC89}.Release|x64.Build.0 = Release|Any CPU
		{6874E2CB-3226-4FD1-AB5E-F59BF8F1AC89}.Release|x86.ActiveCfg = Release|Any CPU
		{6874E2CB-3226-4FD1-AB5E-F59BF8F1AC89}.Release|x86.Build.0 = Release|Any CPU
		{DC72E8F9-E352-48B5-9437-A7D2A0523D42}.Debug|Any CPU.ActiveCfg = Debug|Any CPU
		{DC72E8F9-E352-48B5-9437-A7D2A0523D42}.Debug|Any CPU.Build.0 = Debug|Any CPU
		{DC72E8F9-E352-48B5-9437-A7D2A0523D42}.Debug|x64.ActiveCfg = Debug|Any CPU
		{DC72E8F9-E352-48B5-9437-A7D2A0523D42}.Debug|x64.Build.0 = Debug|Any CPU
		{DC72E8F9-E352-48B5-9437-A7D2A0523D42}.Debug|x86.ActiveCfg = Debug|Any CPU
		{DC72E8F9-E352-48B5-9437-A7D2A0523D42}.Debug|x86.Build.0 = Debug|Any CPU
		{DC72E8F9-E352-48B5-9437-A7D2A0523D42}.Release|Any CPU.ActiveCfg = Release|Any CPU
		{DC72E8F9-E352-48B5-9437-A7D2A0523D42}.Release|Any CPU.Build.0 = Release|Any CPU
		{DC72E8F9-E352-48B5-9437-A7D2A0523D42}.Release|x64.ActiveCfg = Release|Any CPU
		{DC72E8F9-E352-48B5-9437-A7D2A0523D42}.Release|x64.Build.0 = Release|Any CPU
		{DC72E8F9-E352-48B5-9437-A7D2A0523D42}.Release|x86.ActiveCfg = Release|Any CPU
		{DC72E8F9-E352-48B5-9437-A7D2A0523D42}.Release|x86.Build.0 = Release|Any CPU
		{49155FC3-637E-488D-86A4-2A2DE48170EA}.Debug|Any CPU.ActiveCfg = Debug|Any CPU
		{49155FC3-637E-488D-86A4-2A2DE48170EA}.Debug|Any CPU.Build.0 = Debug|Any CPU
		{49155FC3-637E-488D-86A4-2A2DE48170EA}.Debug|x64.ActiveCfg = Debug|Any CPU
		{49155FC3-637E-488D-86A4-2A2DE48170EA}.Debug|x64.Build.0 = Debug|Any CPU
		{49155FC3-637E-488D-86A4-2A2DE48170EA}.Debug|x86.ActiveCfg = Debug|Any CPU
		{49155FC3-637E-488D-86A4-2A2DE48170EA}.Debug|x86.Build.0 = Debug|Any CPU
		{49155FC3-637E-488D-86A4-2A2DE48170EA}.Release|Any CPU.ActiveCfg = Release|Any CPU
		{49155FC3-637E-488D-86A4-2A2DE48170EA}.Release|Any CPU.Build.0 = Release|Any CPU
		{49155FC3-637E-488D-86A4-2A2DE48170EA}.Release|x64.ActiveCfg = Release|Any CPU
		{49155FC3-637E-488D-86A4-2A2DE48170EA}.Release|x64.Build.0 = Release|Any CPU
		{49155FC3-637E-488D-86A4-2A2DE48170EA}.Release|x86.ActiveCfg = Release|Any CPU
		{49155FC3-637E-488D-86A4-2A2DE48170EA}.Release|x86.Build.0 = Release|Any CPU
		{2E35D846-1FEA-475C-BA0A-045943E437AD}.Debug|Any CPU.ActiveCfg = Debug|Any CPU
		{2E35D846-1FEA-475C-BA0A-045943E437AD}.Debug|Any CPU.Build.0 = Debug|Any CPU
		{2E35D846-1FEA-475C-BA0A-045943E437AD}.Debug|x64.ActiveCfg = Debug|Any CPU
		{2E35D846-1FEA-475C-BA0A-045943E437AD}.Debug|x64.Build.0 = Debug|Any CPU
		{2E35D846-1FEA-475C-BA0A-045943E437AD}.Debug|x86.ActiveCfg = Debug|Any CPU
		{2E35D846-1FEA-475C-BA0A-045943E437AD}.Debug|x86.Build.0 = Debug|Any CPU
		{2E35D846-1FEA-475C-BA0A-045943E437AD}.Release|Any CPU.ActiveCfg = Release|Any CPU
		{2E35D846-1FEA-475C-BA0A-045943E437AD}.Release|Any CPU.Build.0 = Release|Any CPU
		{2E35D846-1FEA-475C-BA0A-045943E437AD}.Release|x64.ActiveCfg = Release|Any CPU
		{2E35D846-1FEA-475C-BA0A-045943E437AD}.Release|x64.Build.0 = Release|Any CPU
		{2E35D846-1FEA-475C-BA0A-045943E437AD}.Release|x86.ActiveCfg = Release|Any CPU
		{2E35D846-1FEA-475C-BA0A-045943E437AD}.Release|x86.Build.0 = Release|Any CPU
		{CA1C8C14-A099-43DF-A607-C6DB532630A6}.Debug|Any CPU.ActiveCfg = Debug|Any CPU
		{CA1C8C14-A099-43DF-A607-C6DB532630A6}.Debug|Any CPU.Build.0 = Debug|Any CPU
		{CA1C8C14-A099-43DF-A607-C6DB532630A6}.Debug|x64.ActiveCfg = Debug|Any CPU
		{CA1C8C14-A099-43DF-A607-C6DB532630A6}.Debug|x64.Build.0 = Debug|Any CPU
		{CA1C8C14-A099-43DF-A607-C6DB532630A6}.Debug|x86.ActiveCfg = Debug|Any CPU
		{CA1C8C14-A099-43DF-A607-C6DB532630A6}.Debug|x86.Build.0 = Debug|Any CPU
		{CA1C8C14-A099-43DF-A607-C6DB532630A6}.Release|Any CPU.ActiveCfg = Release|Any CPU
		{CA1C8C14-A099-43DF-A607-C6DB532630A6}.Release|Any CPU.Build.0 = Release|Any CPU
		{CA1C8C14-A099-43DF-A607-C6DB532630A6}.Release|x64.ActiveCfg = Release|Any CPU
		{CA1C8C14-A099-43DF-A607-C6DB532630A6}.Release|x64.Build.0 = Release|Any CPU
		{CA1C8C14-A099-43DF-A607-C6DB532630A6}.Release|x86.ActiveCfg = Release|Any CPU
		{CA1C8C14-A099-43DF-A607-C6DB532630A6}.Release|x86.Build.0 = Release|Any CPU
		{759B5F10-742C-4A88-8055-EAB232795593}.Debug|Any CPU.ActiveCfg = Debug|Any CPU
		{759B5F10-742C-4A88-8055-EAB232795593}.Debug|Any CPU.Build.0 = Debug|Any CPU
		{759B5F10-742C-4A88-8055-EAB232795593}.Debug|x64.ActiveCfg = Debug|Any CPU
		{759B5F10-742C-4A88-8055-EAB232795593}.Debug|x64.Build.0 = Debug|Any CPU
		{759B5F10-742C-4A88-8055-EAB232795593}.Debug|x86.ActiveCfg = Debug|Any CPU
		{759B5F10-742C-4A88-8055-EAB232795593}.Debug|x86.Build.0 = Debug|Any CPU
		{759B5F10-742C-4A88-8055-EAB232795593}.Release|Any CPU.ActiveCfg = Release|Any CPU
		{759B5F10-742C-4A88-8055-EAB232795593}.Release|Any CPU.Build.0 = Release|Any CPU
		{759B5F10-742C-4A88-8055-EAB232795593}.Release|x64.ActiveCfg = Release|Any CPU
		{759B5F10-742C-4A88-8055-EAB232795593}.Release|x64.Build.0 = Release|Any CPU
		{759B5F10-742C-4A88-8055-EAB232795593}.Release|x86.ActiveCfg = Release|Any CPU
		{759B5F10-742C-4A88-8055-EAB232795593}.Release|x86.Build.0 = Release|Any CPU
		{6AF345C1-F45E-4700-B093-7484EFDAD692}.Debug|Any CPU.ActiveCfg = Debug|Any CPU
		{6AF345C1-F45E-4700-B093-7484EFDAD692}.Debug|Any CPU.Build.0 = Debug|Any CPU
		{6AF345C1-F45E-4700-B093-7484EFDAD692}.Debug|x64.ActiveCfg = Debug|Any CPU
		{6AF345C1-F45E-4700-B093-7484EFDAD692}.Debug|x64.Build.0 = Debug|Any CPU
		{6AF345C1-F45E-4700-B093-7484EFDAD692}.Debug|x86.ActiveCfg = Debug|Any CPU
		{6AF345C1-F45E-4700-B093-7484EFDAD692}.Debug|x86.Build.0 = Debug|Any CPU
		{6AF345C1-F45E-4700-B093-7484EFDAD692}.Release|Any CPU.ActiveCfg = Release|Any CPU
		{6AF345C1-F45E-4700-B093-7484EFDAD692}.Release|Any CPU.Build.0 = Release|Any CPU
		{6AF345C1-F45E-4700-B093-7484EFDAD692}.Release|x64.ActiveCfg = Release|Any CPU
		{6AF345C1-F45E-4700-B093-7484EFDAD692}.Release|x64.Build.0 = Release|Any CPU
		{6AF345C1-F45E-4700-B093-7484EFDAD692}.Release|x86.ActiveCfg = Release|Any CPU
		{6AF345C1-F45E-4700-B093-7484EFDAD692}.Release|x86.Build.0 = Release|Any CPU
	EndGlobalSection
EndGlobal
